// !$*UTF8*$!
{
	archiveVersion = 1;
	classes = {
	};
	objectVersion = 48;
	objects = {

/* Begin PBXBuildFile section */
		8A4B79862016D5E2007ACEA4 /* AppDelegate.swift in Sources */ = {isa = PBXBuildFile; fileRef = 8A4B79852016D5E2007ACEA4 /* AppDelegate.swift */; };
		8A4B79882016D5E2007ACEA4 /* ViewController.swift in Sources */ = {isa = PBXBuildFile; fileRef = 8A4B79872016D5E2007ACEA4 /* ViewController.swift */; };
		8A4B798A2016D5E2007ACEA4 /* Assets.xcassets in Resources */ = {isa = PBXBuildFile; fileRef = 8A4B79892016D5E2007ACEA4 /* Assets.xcassets */; };
		8A4B798D2016D5E2007ACEA4 /* Main.storyboard in Resources */ = {isa = PBXBuildFile; fileRef = 8A4B798B2016D5E2007ACEA4 /* Main.storyboard */; };
		8A4B799B2016D6F5007ACEA4 /* ProfileManager.swift in Sources */ = {isa = PBXBuildFile; fileRef = 8A4B79952016D6F5007ACEA4 /* ProfileManager.swift */; };
		8A4B799C2016D6F5007ACEA4 /* CodeSigner.swift in Sources */ = {isa = PBXBuildFile; fileRef = 8A4B79962016D6F5007ACEA4 /* CodeSigner.swift */; };
		8A4B799D2016D6F5007ACEA4 /* StringExtension.swift in Sources */ = {isa = PBXBuildFile; fileRef = 8A4B79972016D6F5007ACEA4 /* StringExtension.swift */; };
		8A4B799E2016D6F5007ACEA4 /* PlistHelper.swift in Sources */ = {isa = PBXBuildFile; fileRef = 8A4B79982016D6F5007ACEA4 /* PlistHelper.swift */; };
		8A4B799F2016D6F5007ACEA4 /* ProcessTask.swift in Sources */ = {isa = PBXBuildFile; fileRef = 8A4B79992016D6F5007ACEA4 /* ProcessTask.swift */; };
		8A4B79A02016D6F5007ACEA4 /* Tools.swift in Sources */ = {isa = PBXBuildFile; fileRef = 8A4B799A2016D6F5007ACEA4 /* Tools.swift */; };
		8A4B79A22016D71E007ACEA4 /* UpdateAppleCer.sh in Resources */ = {isa = PBXBuildFile; fileRef = 8A4B79A12016D71E007ACEA4 /* UpdateAppleCer.sh */; };
		8A4B79A42016DBB6007ACEA4 /* MainSignView.swift in Sources */ = {isa = PBXBuildFile; fileRef = 8A4B79A32016DBB6007ACEA4 /* MainSignView.swift */; };
		8A66D1F8203ECAE200A6D27A /* HProgregressHUD.swift in Sources */ = {isa = PBXBuildFile; fileRef = 8A66D1F7203ECAE200A6D27A /* HProgregressHUD.swift */; };
		8AF9995F20AD85EB00661F05 /* main.swift in Sources */ = {isa = PBXBuildFile; fileRef = 8AF9995E20AD85EB00661F05 /* main.swift */; };
		8AF9996320AD868F00661F05 /* CodeSigner.swift in Sources */ = {isa = PBXBuildFile; fileRef = 8A4B79962016D6F5007ACEA4 /* CodeSigner.swift */; };
		8AF9996420AD869100661F05 /* PlistHelper.swift in Sources */ = {isa = PBXBuildFile; fileRef = 8A4B79982016D6F5007ACEA4 /* PlistHelper.swift */; };
		8AF9996520AD869800661F05 /* ProcessTask.swift in Sources */ = {isa = PBXBuildFile; fileRef = 8A4B79992016D6F5007ACEA4 /* ProcessTask.swift */; };
		8AF9996620AD869D00661F05 /* ProfileManager.swift in Sources */ = {isa = PBXBuildFile; fileRef = 8A4B79952016D6F5007ACEA4 /* ProfileManager.swift */; };
		8AF9996720AD86A000661F05 /* StringExtension.swift in Sources */ = {isa = PBXBuildFile; fileRef = 8A4B79972016D6F5007ACEA4 /* StringExtension.swift */; };
		8AF9996820AD86A900661F05 /* Tools.swift in Sources */ = {isa = PBXBuildFile; fileRef = 8A4B799A2016D6F5007ACEA4 /* Tools.swift */; };
		8AF9996A20AD8E7000661F05 /* Core.swift in Sources */ = {isa = PBXBuildFile; fileRef = 8AF9996920AD8E7000661F05 /* Core.swift */; };
/* End PBXBuildFile section */

/* Begin PBXCopyFilesBuildPhase section */
		8AF9995A20AD85EB00661F05 /* CopyFiles */ = {
			isa = PBXCopyFilesBuildPhase;
			buildActionMask = 2147483647;
			dstPath = /usr/share/man/man1/;
			dstSubfolderSpec = 0;
			files = (
			);
			runOnlyForDeploymentPostprocessing = 1;
		};
/* End PBXCopyFilesBuildPhase section */

/* Begin PBXFileReference section */
		8A4B79822016D5E2007ACEA4 /* ResignForiOS.app */ = {isa = PBXFileReference; explicitFileType = wrapper.application; includeInIndex = 0; path = ResignForiOS.app; sourceTree = BUILT_PRODUCTS_DIR; };
		8A4B79852016D5E2007ACEA4 /* AppDelegate.swift */ = {isa = PBXFileReference; lastKnownFileType = sourcecode.swift; path = AppDelegate.swift; sourceTree = "<group>"; };
		8A4B79872016D5E2007ACEA4 /* ViewController.swift */ = {isa = PBXFileReference; lastKnownFileType = sourcecode.swift; path = ViewController.swift; sourceTree = "<group>"; };
		8A4B79892016D5E2007ACEA4 /* Assets.xcassets */ = {isa = PBXFileReference; lastKnownFileType = folder.assetcatalog; path = Assets.xcassets; sourceTree = "<group>"; };
		8A4B798C2016D5E2007ACEA4 /* Base */ = {isa = PBXFileReference; lastKnownFileType = file.storyboard; name = Base; path = Base.lproj/Main.storyboard; sourceTree = "<group>"; };
		8A4B798E2016D5E2007ACEA4 /* Info.plist */ = {isa = PBXFileReference; lastKnownFileType = text.plist.xml; path = Info.plist; sourceTree = "<group>"; };
		8A4B798F2016D5E2007ACEA4 /* ResignForiOS.entitlements */ = {isa = PBXFileReference; lastKnownFileType = text.plist.entitlements; path = ResignForiOS.entitlements; sourceTree = "<group>"; };
		8A4B79952016D6F5007ACEA4 /* ProfileManager.swift */ = {isa = PBXFileReference; fileEncoding = 4; lastKnownFileType = sourcecode.swift; path = ProfileManager.swift; sourceTree = "<group>"; };
		8A4B79962016D6F5007ACEA4 /* CodeSigner.swift */ = {isa = PBXFileReference; fileEncoding = 4; lastKnownFileType = sourcecode.swift; path = CodeSigner.swift; sourceTree = "<group>"; };
		8A4B79972016D6F5007ACEA4 /* StringExtension.swift */ = {isa = PBXFileReference; fileEncoding = 4; lastKnownFileType = sourcecode.swift; path = StringExtension.swift; sourceTree = "<group>"; };
		8A4B79982016D6F5007ACEA4 /* PlistHelper.swift */ = {isa = PBXFileReference; fileEncoding = 4; lastKnownFileType = sourcecode.swift; path = PlistHelper.swift; sourceTree = "<group>"; };
		8A4B79992016D6F5007ACEA4 /* ProcessTask.swift */ = {isa = PBXFileReference; fileEncoding = 4; lastKnownFileType = sourcecode.swift; path = ProcessTask.swift; sourceTree = "<group>"; };
		8A4B799A2016D6F5007ACEA4 /* Tools.swift */ = {isa = PBXFileReference; fileEncoding = 4; lastKnownFileType = sourcecode.swift; path = Tools.swift; sourceTree = "<group>"; };
		8A4B79A12016D71E007ACEA4 /* UpdateAppleCer.sh */ = {isa = PBXFileReference; fileEncoding = 4; lastKnownFileType = text.script.sh; path = UpdateAppleCer.sh; sourceTree = "<group>"; };
		8A4B79A32016DBB6007ACEA4 /* MainSignView.swift */ = {isa = PBXFileReference; fileEncoding = 4; lastKnownFileType = sourcecode.swift; path = MainSignView.swift; sourceTree = "<group>"; };
		8A66D1F7203ECAE200A6D27A /* HProgregressHUD.swift */ = {isa = PBXFileReference; fileEncoding = 4; lastKnownFileType = sourcecode.swift; path = HProgregressHUD.swift; sourceTree = "<group>"; };
		8AF9995C20AD85EB00661F05 /* CoolResign */ = {isa = PBXFileReference; explicitFileType = "compiled.mach-o.executable"; includeInIndex = 0; path = CoolResign; sourceTree = BUILT_PRODUCTS_DIR; };
		8AF9995E20AD85EB00661F05 /* main.swift */ = {isa = PBXFileReference; lastKnownFileType = sourcecode.swift; path = main.swift; sourceTree = "<group>"; };
		8AF9996920AD8E7000661F05 /* Core.swift */ = {isa = PBXFileReference; fileEncoding = 4; lastKnownFileType = sourcecode.swift; path = Core.swift; sourceTree = "<group>"; };
/* End PBXFileReference section */

/* Begin PBXFrameworksBuildPhase section */
		8A4B797F2016D5E2007ACEA4 /* Frameworks */ = {
			isa = PBXFrameworksBuildPhase;
			buildActionMask = 2147483647;
			files = (
			);
			runOnlyForDeploymentPostprocessing = 0;
		};
		8AF9995920AD85EB00661F05 /* Frameworks */ = {
			isa = PBXFrameworksBuildPhase;
			buildActionMask = 2147483647;
			files = (
			);
			runOnlyForDeploymentPostprocessing = 0;
		};
/* End PBXFrameworksBuildPhase section */

/* Begin PBXGroup section */
		8A4B79792016D5E2007ACEA4 = {
			isa = PBXGroup;
			children = (
				8A4B79842016D5E2007ACEA4 /* ResignForiOS */,
				8AF9995D20AD85EB00661F05 /* CoolResign */,
				8A4B79832016D5E2007ACEA4 /* Products */,
			);
			sourceTree = "<group>";
		};
		8A4B79832016D5E2007ACEA4 /* Products */ = {
			isa = PBXGroup;
			children = (
				8A4B79822016D5E2007ACEA4 /* ResignForiOS.app */,
				8AF9995C20AD85EB00661F05 /* CoolResign */,
			);
			name = Products;
			sourceTree = "<group>";
		};
		8A4B79842016D5E2007ACEA4 /* ResignForiOS */ = {
			isa = PBXGroup;
			children = (
				8A4B79A12016D71E007ACEA4 /* UpdateAppleCer.sh */,
				8A4B79962016D6F5007ACEA4 /* CodeSigner.swift */,
				8A4B79982016D6F5007ACEA4 /* PlistHelper.swift */,
				8A4B79992016D6F5007ACEA4 /* ProcessTask.swift */,
				8A4B79952016D6F5007ACEA4 /* ProfileManager.swift */,
				8A4B79972016D6F5007ACEA4 /* StringExtension.swift */,
				8A4B799A2016D6F5007ACEA4 /* Tools.swift */,
				8A4B79852016D5E2007ACEA4 /* AppDelegate.swift */,
				8A4B79872016D5E2007ACEA4 /* ViewController.swift */,
				8A4B79A32016DBB6007ACEA4 /* MainSignView.swift */,
				8A66D1F7203ECAE200A6D27A /* HProgregressHUD.swift */,
				8A4B79892016D5E2007ACEA4 /* Assets.xcassets */,
				8A4B798B2016D5E2007ACEA4 /* Main.storyboard */,
				8A4B798E2016D5E2007ACEA4 /* Info.plist */,
				8A4B798F2016D5E2007ACEA4 /* ResignForiOS.entitlements */,
			);
			path = ResignForiOS;
			sourceTree = "<group>";
		};
		8AF9995D20AD85EB00661F05 /* CoolResign */ = {
			isa = PBXGroup;
			children = (
				8AF9996920AD8E7000661F05 /* Core.swift */,
				8AF9995E20AD85EB00661F05 /* main.swift */,
			);
			path = CoolResign;
			sourceTree = "<group>";
		};
/* End PBXGroup section */

/* Begin PBXNativeTarget section */
		8A4B79812016D5E2007ACEA4 /* ResignForiOS */ = {
			isa = PBXNativeTarget;
			buildConfigurationList = 8A4B79922016D5E2007ACEA4 /* Build configuration list for PBXNativeTarget "ResignForiOS" */;
			buildPhases = (
				8A4B797E2016D5E2007ACEA4 /* Sources */,
				8A4B797F2016D5E2007ACEA4 /* Frameworks */,
				8A4B79802016D5E2007ACEA4 /* Resources */,
			);
			buildRules = (
			);
			dependencies = (
			);
			name = ResignForiOS;
			productName = ResignForiOS;
			productReference = 8A4B79822016D5E2007ACEA4 /* ResignForiOS.app */;
			productType = "com.apple.product-type.application";
		};
		8AF9995B20AD85EB00661F05 /* CoolResign */ = {
			isa = PBXNativeTarget;
			buildConfigurationList = 8AF9996220AD85EB00661F05 /* Build configuration list for PBXNativeTarget "CoolResign" */;
			buildPhases = (
				8AF9995820AD85EB00661F05 /* Sources */,
				8AF9995920AD85EB00661F05 /* Frameworks */,
				8AF9995A20AD85EB00661F05 /* CopyFiles */,
			);
			buildRules = (
			);
			dependencies = (
			);
			name = CoolResign;
			productName = CoolResign;
			productReference = 8AF9995C20AD85EB00661F05 /* CoolResign */;
			productType = "com.apple.product-type.tool";
		};
/* End PBXNativeTarget section */

/* Begin PBXProject section */
		8A4B797A2016D5E2007ACEA4 /* Project object */ = {
			isa = PBXProject;
			attributes = {
				LastSwiftUpdateCheck = 0930;
				LastUpgradeCheck = 0920;
				ORGANIZATIONNAME = cheng;
				TargetAttributes = {
					8A4B79812016D5E2007ACEA4 = {
						CreatedOnToolsVersion = 9.2;
						ProvisioningStyle = Manual;
						SystemCapabilities = {
							com.apple.Sandbox = {
								enabled = 0;
							};
						};
					};
					8AF9995B20AD85EB00661F05 = {
						CreatedOnToolsVersion = 9.3;
						ProvisioningStyle = Automatic;
					};
				};
			};
			buildConfigurationList = 8A4B797D2016D5E2007ACEA4 /* Build configuration list for PBXProject "ResignForiOS" */;
			compatibilityVersion = "Xcode 8.0";
			developmentRegion = en;
			hasScannedForEncodings = 0;
			knownRegions = (
				en,
				Base,
			);
			mainGroup = 8A4B79792016D5E2007ACEA4;
			productRefGroup = 8A4B79832016D5E2007ACEA4 /* Products */;
			projectDirPath = "";
			projectRoot = "";
			targets = (
				8A4B79812016D5E2007ACEA4 /* ResignForiOS */,
				8AF9995B20AD85EB00661F05 /* CoolResign */,
			);
		};
/* End PBXProject section */

/* Begin PBXResourcesBuildPhase section */
		8A4B79802016D5E2007ACEA4 /* Resources */ = {
			isa = PBXResourcesBuildPhase;
			buildActionMask = 2147483647;
			files = (
				8A4B798A2016D5E2007ACEA4 /* Assets.xcassets in Resources */,
				8A4B79A22016D71E007ACEA4 /* UpdateAppleCer.sh in Resources */,
				8A4B798D2016D5E2007ACEA4 /* Main.storyboard in Resources */,
			);
			runOnlyForDeploymentPostprocessing = 0;
		};
/* End PBXResourcesBuildPhase section */

/* Begin PBXSourcesBuildPhase section */
		8A4B797E2016D5E2007ACEA4 /* Sources */ = {
			isa = PBXSourcesBuildPhase;
			buildActionMask = 2147483647;
			files = (
				8A4B79882016D5E2007ACEA4 /* ViewController.swift in Sources */,
				8A4B79A42016DBB6007ACEA4 /* MainSignView.swift in Sources */,
				8A4B799F2016D6F5007ACEA4 /* ProcessTask.swift in Sources */,
				8A4B799B2016D6F5007ACEA4 /* ProfileManager.swift in Sources */,
				8A66D1F8203ECAE200A6D27A /* HProgregressHUD.swift in Sources */,
				8A4B799D2016D6F5007ACEA4 /* StringExtension.swift in Sources */,
				8A4B799C2016D6F5007ACEA4 /* CodeSigner.swift in Sources */,
				8A4B799E2016D6F5007ACEA4 /* PlistHelper.swift in Sources */,
				8A4B79862016D5E2007ACEA4 /* AppDelegate.swift in Sources */,
				8A4B79A02016D6F5007ACEA4 /* Tools.swift in Sources */,
			);
			runOnlyForDeploymentPostprocessing = 0;
		};
		8AF9995820AD85EB00661F05 /* Sources */ = {
			isa = PBXSourcesBuildPhase;
			buildActionMask = 2147483647;
			files = (
				8AF9996320AD868F00661F05 /* CodeSigner.swift in Sources */,
				8AF9996620AD869D00661F05 /* ProfileManager.swift in Sources */,
				8AF9996720AD86A000661F05 /* StringExtension.swift in Sources */,
				8AF9996420AD869100661F05 /* PlistHelper.swift in Sources */,
				8AF9996820AD86A900661F05 /* Tools.swift in Sources */,
				8AF9996520AD869800661F05 /* ProcessTask.swift in Sources */,
				8AF9996A20AD8E7000661F05 /* Core.swift in Sources */,
				8AF9995F20AD85EB00661F05 /* main.swift in Sources */,
			);
			runOnlyForDeploymentPostprocessing = 0;
		};
/* End PBXSourcesBuildPhase section */

/* Begin PBXVariantGroup section */
		8A4B798B2016D5E2007ACEA4 /* Main.storyboard */ = {
			isa = PBXVariantGroup;
			children = (
				8A4B798C2016D5E2007ACEA4 /* Base */,
			);
			name = Main.storyboard;
			sourceTree = "<group>";
		};
/* End PBXVariantGroup section */

/* Begin XCBuildConfiguration section */
		8A4B79902016D5E2007ACEA4 /* Debug */ = {
			isa = XCBuildConfiguration;
			buildSettings = {
				ALWAYS_SEARCH_USER_PATHS = NO;
				CLANG_ANALYZER_NONNULL = YES;
				CLANG_ANALYZER_NUMBER_OBJECT_CONVERSION = YES_AGGRESSIVE;
				CLANG_CXX_LANGUAGE_STANDARD = "gnu++14";
				CLANG_CXX_LIBRARY = "libc++";
				CLANG_ENABLE_MODULES = YES;
				CLANG_ENABLE_OBJC_ARC = YES;
				CLANG_WARN_BLOCK_CAPTURE_AUTORELEASING = YES;
				CLANG_WARN_BOOL_CONVERSION = YES;
				CLANG_WARN_COMMA = YES;
				CLANG_WARN_CONSTANT_CONVERSION = YES;
				CLANG_WARN_DIRECT_OBJC_ISA_USAGE = YES_ERROR;
				CLANG_WARN_DOCUMENTATION_COMMENTS = YES;
				CLANG_WARN_EMPTY_BODY = YES;
				CLANG_WARN_ENUM_CONVERSION = YES;
				CLANG_WARN_INFINITE_RECURSION = YES;
				CLANG_WARN_INT_CONVERSION = YES;
				CLANG_WARN_NON_LITERAL_NULL_CONVERSION = YES;
				CLANG_WARN_OBJC_LITERAL_CONVERSION = YES;
				CLANG_WARN_OBJC_ROOT_CLASS = YES_ERROR;
				CLANG_WARN_RANGE_LOOP_ANALYSIS = YES;
				CLANG_WARN_STRICT_PROTOTYPES = YES;
				CLANG_WARN_SUSPICIOUS_MOVE = YES;
				CLANG_WARN_UNGUARDED_AVAILABILITY = YES_AGGRESSIVE;
				CLANG_WARN_UNREACHABLE_CODE = YES;
				CLANG_WARN__DUPLICATE_METHOD_MATCH = YES;
				CODE_SIGN_IDENTITY = "-";
				COPY_PHASE_STRIP = NO;
				DEBUG_INFORMATION_FORMAT = dwarf;
				ENABLE_STRICT_OBJC_MSGSEND = YES;
				ENABLE_TESTABILITY = YES;
				GCC_C_LANGUAGE_STANDARD = gnu11;
				GCC_DYNAMIC_NO_PIC = NO;
				GCC_NO_COMMON_BLOCKS = YES;
				GCC_OPTIMIZATION_LEVEL = 0;
				GCC_PREPROCESSOR_DEFINITIONS = (
					"DEBUG=1",
					"$(inherited)",
				);
				GCC_WARN_64_TO_32_BIT_CONVERSION = YES;
				GCC_WARN_ABOUT_RETURN_TYPE = YES_ERROR;
				GCC_WARN_UNDECLARED_SELECTOR = YES;
				GCC_WARN_UNINITIALIZED_AUTOS = YES_AGGRESSIVE;
				GCC_WARN_UNUSED_FUNCTION = YES;
				GCC_WARN_UNUSED_VARIABLE = YES;
				MACOSX_DEPLOYMENT_TARGET = 10.10;
				MTL_ENABLE_DEBUG_INFO = YES;
				ONLY_ACTIVE_ARCH = YES;
				SDKROOT = macosx;
				SWIFT_ACTIVE_COMPILATION_CONDITIONS = DEBUG;
				SWIFT_OPTIMIZATION_LEVEL = "-Onone";
			};
			name = Debug;
		};
		8A4B79912016D5E2007ACEA4 /* Release */ = {
			isa = XCBuildConfiguration;
			buildSettings = {
				ALWAYS_SEARCH_USER_PATHS = NO;
				CLANG_ANALYZER_NONNULL = YES;
				CLANG_ANALYZER_NUMBER_OBJECT_CONVERSION = YES_AGGRESSIVE;
				CLANG_CXX_LANGUAGE_STANDARD = "gnu++14";
				CLANG_CXX_LIBRARY = "libc++";
				CLANG_ENABLE_MODULES = YES;
				CLANG_ENABLE_OBJC_ARC = YES;
				CLANG_WARN_BLOCK_CAPTURE_AUTORELEASING = YES;
				CLANG_WARN_BOOL_CONVERSION = YES;
				CLANG_WARN_COMMA = YES;
				CLANG_WARN_CONSTANT_CONVERSION = YES;
				CLANG_WARN_DIRECT_OBJC_ISA_USAGE = YES_ERROR;
				CLANG_WARN_DOCUMENTATION_COMMENTS = YES;
				CLANG_WARN_EMPTY_BODY = YES;
				CLANG_WARN_ENUM_CONVERSION = YES;
				CLANG_WARN_INFINITE_RECURSION = YES;
				CLANG_WARN_INT_CONVERSION = YES;
				CLANG_WARN_NON_LITERAL_NULL_CONVERSION = YES;
				CLANG_WARN_OBJC_LITERAL_CONVERSION = YES;
				CLANG_WARN_OBJC_ROOT_CLASS = YES_ERROR;
				CLANG_WARN_RANGE_LOOP_ANALYSIS = YES;
				CLANG_WARN_STRICT_PROTOTYPES = YES;
				CLANG_WARN_SUSPICIOUS_MOVE = YES;
				CLANG_WARN_UNGUARDED_AVAILABILITY = YES_AGGRESSIVE;
				CLANG_WARN_UNREACHABLE_CODE = YES;
				CLANG_WARN__DUPLICATE_METHOD_MATCH = YES;
				CODE_SIGN_IDENTITY = "-";
				COPY_PHASE_STRIP = NO;
				DEBUG_INFORMATION_FORMAT = "dwarf-with-dsym";
				ENABLE_NS_ASSERTIONS = NO;
				ENABLE_STRICT_OBJC_MSGSEND = YES;
				GCC_C_LANGUAGE_STANDARD = gnu11;
				GCC_NO_COMMON_BLOCKS = YES;
				GCC_WARN_64_TO_32_BIT_CONVERSION = YES;
				GCC_WARN_ABOUT_RETURN_TYPE = YES_ERROR;
				GCC_WARN_UNDECLARED_SELECTOR = YES;
				GCC_WARN_UNINITIALIZED_AUTOS = YES_AGGRESSIVE;
				GCC_WARN_UNUSED_FUNCTION = YES;
				GCC_WARN_UNUSED_VARIABLE = YES;
				MACOSX_DEPLOYMENT_TARGET = 10.10;
				MTL_ENABLE_DEBUG_INFO = NO;
				SDKROOT = macosx;
				SWIFT_OPTIMIZATION_LEVEL = "-Owholemodule";
			};
			name = Release;
		};
		8A4B79932016D5E2007ACEA4 /* Debug */ = {
			isa = XCBuildConfiguration;
			buildSettings = {
				ASSETCATALOG_COMPILER_APPICON_NAME = AppIcon;
				CODE_SIGN_STYLE = Manual;
				COMBINE_HIDPI_IMAGES = YES;
				DEVELOPMENT_TEAM = "";
				INFOPLIST_FILE = ResignForiOS/Info.plist;
				LD_RUNPATH_SEARCH_PATHS = "$(inherited) @executable_path/../Frameworks";
				PRODUCT_BUNDLE_IDENTIFIER = com.chengcheng.ResignForiOS;
				PRODUCT_NAME = "$(TARGET_NAME)";
				PROVISIONING_PROFILE_SPECIFIER = "";
				SWIFT_VERSION = 4.0;
			};
			name = Debug;
		};
		8A4B79942016D5E2007ACEA4 /* Release */ = {
			isa = XCBuildConfiguration;
			buildSettings = {
				ASSETCATALOG_COMPILER_APPICON_NAME = AppIcon;
				CODE_SIGN_STYLE = Manual;
				COMBINE_HIDPI_IMAGES = YES;
				DEVELOPMENT_TEAM = "";
				INFOPLIST_FILE = ResignForiOS/Info.plist;
				LD_RUNPATH_SEARCH_PATHS = "$(inherited) @executable_path/../Frameworks";
				PRODUCT_BUNDLE_IDENTIFIER = com.chengcheng.ResignForiOS;
				PRODUCT_NAME = "$(TARGET_NAME)";
				PROVISIONING_PROFILE_SPECIFIER = "";
				SWIFT_VERSION = 4.0;
			};
			name = Release;
		};
		8AF9996020AD85EB00661F05 /* Debug */ = {
			isa = XCBuildConfiguration;
			buildSettings = {
				CLANG_ENABLE_OBJC_WEAK = YES;
				CLANG_WARN_DEPRECATED_OBJC_IMPLEMENTATIONS = YES;
				CLANG_WARN_OBJC_IMPLICIT_RETAIN_SELF = YES;
				CODE_SIGN_STYLE = Automatic;
				MACOSX_DEPLOYMENT_TARGET = 10.13;
				PRODUCT_NAME = "$(TARGET_NAME)";
				SWIFT_VERSION = 4.0;
			};
			name = Debug;
		};
		8AF9996120AD85EB00661F05 /* Release */ = {
			isa = XCBuildConfiguration;
			buildSettings = {
				CLANG_ENABLE_OBJC_WEAK = YES;
				CLANG_WARN_DEPRECATED_OBJC_IMPLEMENTATIONS = YES;
				CLANG_WARN_OBJC_IMPLICIT_RETAIN_SELF = YES;
				CODE_SIGN_STYLE = Automatic;
				MACOSX_DEPLOYMENT_TARGET = 10.13;
				PRODUCT_NAME = "$(TARGET_NAME)";
				SWIFT_VERSION = 4.0;
			};
			name = Release;
		};
/* End XCBuildConfiguration section */

/* Begin XCConfigurationList section */
		8A4B797D2016D5E2007ACEA4 /* Build configuration list for PBXProject "ResignForiOS" */ = {
			isa = XCConfigurationList;
			buildConfigurations = (
				8A4B79902016D5E2007ACEA4 /* Debug */,
				8A4B79912016D5E2007ACEA4 /* Release */,
			);
			defaultConfigurationIsVisible = 0;
			defaultConfigurationName = Release;
		};
		8A4B79922016D5E2007ACEA4 /* Build configuration list for PBXNativeTarget "ResignForiOS" */ = {
			isa = XCConfigurationList;
			buildConfigurations = (
				8A4B79932016D5E2007ACEA4 /* Debug */,
				8A4B79942016D5E2007ACEA4 /* Release */,
			);
			defaultConfigurationIsVisible = 0;
			defaultConfigurationName = Release;
		};
		8AF9996220AD85EB00661F05 /* Build configuration list for PBXNativeTarget "CoolResign" */ = {
			isa = XCConfigurationList;
			buildConfigurations = (
				8AF9996020AD85EB00661F05 /* Debug */,
				8AF9996120AD85EB00661F05 /* Release */,
			);
			defaultConfigurationIsVisible = 0;
			defaultConfigurationName = Release;
		};
/* End XCConfigurationList section */
	};
	rootObject = 8A4B797A2016D5E2007ACEA4 /* Project object */;
}
